
Microsoft Visual Studio Solution File, Format Version 12.00
# Visual Studio Version 16
VisualStudioVersion = 16.0.29709.97
MinimumVisualStudioVersion = 10.0.40219.1
Project("{9A19103F-16F7-4668-BE54-9A1E7A4F7556}") = "FuncExample", "FuncExample\FuncExample.csproj", "{AC117473-61E5-4089-AF2D-38E0AA233235}"
EndProject
Project("{9A19103F-16F7-4668-BE54-9A1E7A4F7556}") = "DelegatesExample", "DelegatesExample\DelegatesExample.csproj", "{0A8A3008-1FBA-495F-9CB2-B84DAB9D8779}"
EndProject
Project("{9A19103F-16F7-4668-BE54-9A1E7A4F7556}") = "ActionExample", "ActionExample\ActionExample.csproj", "{B07712A3-738F-40D8-8A69-55FCE555A6A5}"
EndProject
Project("{9A19103F-16F7-4668-BE54-9A1E7A4F7556}") = "AnonymousTypesExample", "AnonymousTypes\AnonymousTypesExample.csproj", "{194DB471-4A7F-4B43-AD54-4775E022E432}"
EndProject
Project("{9A19103F-16F7-4668-BE54-9A1E7A4F7556}") = "DynamicTypesExample", "DynamicTypesExample\DynamicTypesExample.csproj", "{16B228D9-BD60-48D5-8A8B-36249D6F6DDB}"
EndProject
Project("{9A19103F-16F7-4668-BE54-9A1E7A4F7556}") = "PartialClassesExample", "PartialClassesExample\PartialClassesExample.csproj", "{A63365F3-45B6-4717-91D8-7AE1F749082F}"
EndProject
Project("{9A19103F-16F7-4668-BE54-9A1E7A4F7556}") = "MultidimensionalAndJaggedArraysExample", "MultidimensionalAndJaggedArraysExample\MultidimensionalAndJaggedArraysExample.csproj", "{F98CD382-ABE6-4A96-A5C7-9A7FD6937347}"
EndProject
Project("{9A19103F-16F7-4668-BE54-9A1E7A4F7556}") = "IndexerExample", "IndexerExample\IndexerExample.csproj", "{9D28CC69-4764-4B9F-B13C-0A08E2FABD44}"
EndProject
Project("{9A19103F-16F7-4668-BE54-9A1E7A4F7556}") = "GenericConstraintsExample", "GenericConstraintsExample\GenericConstraintsExample.csproj", "{174150C3-1591-4EFF-9EEC-59B836EAC5DF}"
EndProject
Project("{9A19103F-16F7-4668-BE54-9A1E7A4F7556}") = "ArrayListExample", "ArrayListExample\ArrayListExample.csproj", "{E52211E8-EE81-4E0A-B62A-6B024F5B4FEF}"
EndProject
Project("{9A19103F-16F7-4668-BE54-9A1E7A4F7556}") = "SortedListExample", "SortedListExample\SortedListExample.csproj", "{C3A5E9BA-6280-4CCA-8F72-36179BD23837}"
EndProject
Project("{9A19103F-16F7-4668-BE54-9A1E7A4F7556}") = "HashTableExample", "HashTableExample\HashTableExample.csproj", "{2165B972-2287-4B3C-AE58-42EA9E1A5BA8}"
EndProject
Project("{9A19103F-16F7-4668-BE54-9A1E7A4F7556}") = "NullableTypesExample", "NullableTypesExample\NullableTypesExample.csproj", "{659FDAB3-6C85-4F0C-B22E-752A0903D69C}"
EndProject
Project("{9A19103F-16F7-4668-BE54-9A1E7A4F7556}") = "StackOfTExample", "StackOfTExample\StackOfTExample.csproj", "{BB918C9D-45DB-4A97-9CF1-C887DB79707C}"
EndProject
Project("{9A19103F-16F7-4668-BE54-9A1E7A4F7556}") = "QueueOfTExample", "QueueOfTExample\QueueOfTExample.csproj", "{DE4183FA-D40E-4BA9-931D-155A80E14557}"
EndProject
Project("{9A19103F-16F7-4668-BE54-9A1E7A4F7556}") = "EventExample", "EventExample\EventExample.csproj", "{448CE562-5DDF-4341-B061-8367D697BEB4}"
EndProject
Project("{9A19103F-16F7-4668-BE54-9A1E7A4F7556}") = "EventsExampleWithArgs", "EventsExampleWithArgs\EventsExampleWithArgs.csproj", "{317BF982-1A03-49CC-8E70-C7681E78047C}"
EndProject
Project("{9A19103F-16F7-4668-BE54-9A1E7A4F7556}") = "EventsExampleWithCustomEventArgs", "EventsExampleWithCustomEventArgs\EventsExampleWithCustomEventArgs.csproj", "{70ADB4D9-0A6A-4201-BCF2-5369A5A5BD6C}"
EndProject
Project("{9A19103F-16F7-4668-BE54-9A1E7A4F7556}") = "GenericHardCopyExample", "GenericHardCopyExample\GenericHardCopyExample.csproj", "{EB84116A-8B23-40E1-AEE7-20AF02824A72}"
EndProject
Project("{9A19103F-16F7-4668-BE54-9A1E7A4F7556}") = "ParametersExample", "ParametersExample\ParametersExample.csproj", "{7B811099-9E2C-4ED8-9C78-1222607FB740}"
EndProject
Project("{9A19103F-16F7-4668-BE54-9A1E7A4F7556}") = "DictionaryExample", "DictionaryExample\DictionaryExample.csproj", "{3399CFD5-A935-4B07-95E8-9060126E206E}"
EndProject
Project("{9A19103F-16F7-4668-BE54-9A1E7A4F7556}") = "DictionaryWithTupleExample", "DictionaryWithTupleExample\DictionaryWithTupleExample.csproj", "{3F75A713-71DF-4457-96A0-A97A1B1F44AE}"
EndProject
Project("{9A19103F-16F7-4668-BE54-9A1E7A4F7556}") = "ClipboardExample", "ClipboardExample\ClipboardExample.csproj", "{89732B64-561B-41F1-9974-10D2DC05C46F}"
EndProject
Project("{9A19103F-16F7-4668-BE54-9A1E7A4F7556}") = "ExtensionMethodsExample", "ExtensionMethodsExample\ExtensionMethodsExample.csproj", "{C5F87A4A-362D-46A6-BE67-09DF78F406FF}"
EndProject
Project("{FAE04EC0-301F-11D3-BF4B-00C04F79EFBC}") = "DriveInfoExample", "DriveInfoExample\DriveInfoExample.csproj", "{52EC182A-BE58-484C-8108-E2E60E9F2272}"
EndProject
Project("{FAE04EC0-301F-11D3-BF4B-00C04F79EFBC}") = "FileExamples", "FileExamples\FileExamples.csproj", "{9C66F7FF-6834-4FAD-A655-CB6062196BAA}"
EndProject
Project("{FAE04EC0-301F-11D3-BF4B-00C04F79EFBC}") = "ProcessExamples", "ProcessExamples\ProcessExamples.csproj", "{56E61B0C-C3D3-4DD8-84E7-00C303994368}"
EndProject
Project("{FAE04EC0-301F-11D3-BF4B-00C04F79EFBC}") = "StreamsExamples", "StreamsExamples\StreamsExamples.csproj", "{1BCE017F-18D4-42A3-874F-F699BE97F406}"
EndProject
Project("{FAE04EC0-301F-11D3-BF4B-00C04F79EFBC}") = "FileInfoExamples", "FileInfoExamples\FileInfoExamples.csproj", "{7D7E8403-0F33-451E-96EE-E855A535ACDC}"
EndProject
Project("{9A19103F-16F7-4668-BE54-9A1E7A4F7556}") = "FileSystemInfoExamples", "FileSystemInfoExamples\FileSystemInfoExamples.csproj", "{3F75A59F-A602-410D-8067-6EECB3369AA8}"
EndProject
Project("{FAE04EC0-301F-11D3-BF4B-00C04F79EFBC}") = "DirectoryExamples", "DirectoryExamples\DirectoryExamples.csproj", "{263BDF38-0872-41F4-AB6A-B89622EE27C5}"
EndProject
Project("{FAE04EC0-301F-11D3-BF4B-00C04F79EFBC}") = "DirectoryInfoExamples", "DirectoryInfoExamples\DirectoryInfoExamples.csproj", "{CAFA2291-8738-4D9A-872A-00749A0E4062}"
EndProject
Global
	GlobalSection(SolutionConfigurationPlatforms) = preSolution
		Debug|Any CPU = Debug|Any CPU
		Release|Any CPU = Release|Any CPU
	EndGlobalSection
	GlobalSection(ProjectConfigurationPlatforms) = postSolution
		{AC117473-61E5-4089-AF2D-38E0AA233235}.Debug|Any CPU.ActiveCfg = Debug|Any CPU
		{AC117473-61E5-4089-AF2D-38E0AA233235}.Debug|Any CPU.Build.0 = Debug|Any CPU
		{AC117473-61E5-4089-AF2D-38E0AA233235}.Release|Any CPU.ActiveCfg = Release|Any CPU
		{AC117473-61E5-4089-AF2D-38E0AA233235}.Release|Any CPU.Build.0 = Release|Any CPU
		{0A8A3008-1FBA-495F-9CB2-B84DAB9D8779}.Debug|Any CPU.ActiveCfg = Debug|Any CPU
		{0A8A3008-1FBA-495F-9CB2-B84DAB9D8779}.Debug|Any CPU.Build.0 = Debug|Any CPU
		{0A8A3008-1FBA-495F-9CB2-B84DAB9D8779}.Release|Any CPU.ActiveCfg = Release|Any CPU
		{0A8A3008-1FBA-495F-9CB2-B84DAB9D8779}.Release|Any CPU.Build.0 = Release|Any CPU
		{B07712A3-738F-40D8-8A69-55FCE555A6A5}.Debug|Any CPU.ActiveCfg = Debug|Any CPU
		{B07712A3-738F-40D8-8A69-55FCE555A6A5}.Debug|Any CPU.Build.0 = Debug|Any CPU
		{B07712A3-738F-40D8-8A69-55FCE555A6A5}.Release|Any CPU.ActiveCfg = Release|Any CPU
		{B07712A3-738F-40D8-8A69-55FCE555A6A5}.Release|Any CPU.Build.0 = Release|Any CPU
		{194DB471-4A7F-4B43-AD54-4775E022E432}.Debug|Any CPU.ActiveCfg = Debug|Any CPU
		{194DB471-4A7F-4B43-AD54-4775E022E432}.Debug|Any CPU.Build.0 = Debug|Any CPU
		{194DB471-4A7F-4B43-AD54-4775E022E432}.Release|Any CPU.ActiveCfg = Release|Any CPU
		{194DB471-4A7F-4B43-AD54-4775E022E432}.Release|Any CPU.Build.0 = Release|Any CPU
		{16B228D9-BD60-48D5-8A8B-36249D6F6DDB}.Debug|Any CPU.ActiveCfg = Debug|Any CPU
		{16B228D9-BD60-48D5-8A8B-36249D6F6DDB}.Debug|Any CPU.Build.0 = Debug|Any CPU
		{16B228D9-BD60-48D5-8A8B-36249D6F6DDB}.Release|Any CPU.ActiveCfg = Release|Any CPU
		{16B228D9-BD60-48D5-8A8B-36249D6F6DDB}.Release|Any CPU.Build.0 = Release|Any CPU
		{A63365F3-45B6-4717-91D8-7AE1F749082F}.Debug|Any CPU.ActiveCfg = Debug|Any CPU
		{A63365F3-45B6-4717-91D8-7AE1F749082F}.Debug|Any CPU.Build.0 = Debug|Any CPU
		{A63365F3-45B6-4717-91D8-7AE1F749082F}.Release|Any CPU.ActiveCfg = Release|Any CPU
		{A63365F3-45B6-4717-91D8-7AE1F749082F}.Release|Any CPU.Build.0 = Release|Any CPU
		{F98CD382-ABE6-4A96-A5C7-9A7FD6937347}.Debug|Any CPU.ActiveCfg = Debug|Any CPU
		{F98CD382-ABE6-4A96-A5C7-9A7FD6937347}.Debug|Any CPU.Build.0 = Debug|Any CPU
		{F98CD382-ABE6-4A96-A5C7-9A7FD6937347}.Release|Any CPU.ActiveCfg = Release|Any CPU
		{F98CD382-ABE6-4A96-A5C7-9A7FD6937347}.Release|Any CPU.Build.0 = Release|Any CPU
		{9D28CC69-4764-4B9F-B13C-0A08E2FABD44}.Debug|Any CPU.ActiveCfg = Debug|Any CPU
		{9D28CC69-4764-4B9F-B13C-0A08E2FABD44}.Debug|Any CPU.Build.0 = Debug|Any CPU
		{9D28CC69-4764-4B9F-B13C-0A08E2FABD44}.Release|Any CPU.ActiveCfg = Release|Any CPU
		{9D28CC69-4764-4B9F-B13C-0A08E2FABD44}.Release|Any CPU.Build.0 = Release|Any CPU
		{174150C3-1591-4EFF-9EEC-59B836EAC5DF}.Debug|Any CPU.ActiveCfg = Debug|Any CPU
		{174150C3-1591-4EFF-9EEC-59B836EAC5DF}.Debug|Any CPU.Build.0 = Debug|Any CPU
		{174150C3-1591-4EFF-9EEC-59B836EAC5DF}.Release|Any CPU.ActiveCfg = Release|Any CPU
		{174150C3-1591-4EFF-9EEC-59B836EAC5DF}.Release|Any CPU.Build.0 = Release|Any CPU
		{E52211E8-EE81-4E0A-B62A-6B024F5B4FEF}.Debug|Any CPU.ActiveCfg = Debug|Any CPU
		{E52211E8-EE81-4E0A-B62A-6B024F5B4FEF}.Debug|Any CPU.Build.0 = Debug|Any CPU
		{E52211E8-EE81-4E0A-B62A-6B024F5B4FEF}.Release|Any CPU.ActiveCfg = Release|Any CPU
		{E52211E8-EE81-4E0A-B62A-6B024F5B4FEF}.Release|Any CPU.Build.0 = Release|Any CPU
		{C3A5E9BA-6280-4CCA-8F72-36179BD23837}.Debug|Any CPU.ActiveCfg = Debug|Any CPU
		{C3A5E9BA-6280-4CCA-8F72-36179BD23837}.Debug|Any CPU.Build.0 = Debug|Any CPU
		{C3A5E9BA-6280-4CCA-8F72-36179BD23837}.Release|Any CPU.ActiveCfg = Release|Any CPU
		{C3A5E9BA-6280-4CCA-8F72-36179BD23837}.Release|Any CPU.Build.0 = Release|Any CPU
		{2165B972-2287-4B3C-AE58-42EA9E1A5BA8}.Debug|Any CPU.ActiveCfg = Debug|Any CPU
		{2165B972-2287-4B3C-AE58-42EA9E1A5BA8}.Debug|Any CPU.Build.0 = Debug|Any CPU
		{2165B972-2287-4B3C-AE58-42EA9E1A5BA8}.Release|Any CPU.ActiveCfg = Release|Any CPU
		{2165B972-2287-4B3C-AE58-42EA9E1A5BA8}.Release|Any CPU.Build.0 = Release|Any CPU
		{659FDAB3-6C85-4F0C-B22E-752A0903D69C}.Debug|Any CPU.ActiveCfg = Debug|Any CPU
		{659FDAB3-6C85-4F0C-B22E-752A0903D69C}.Debug|Any CPU.Build.0 = Debug|Any CPU
		{659FDAB3-6C85-4F0C-B22E-752A0903D69C}.Release|Any CPU.ActiveCfg = Release|Any CPU
		{659FDAB3-6C85-4F0C-B22E-752A0903D69C}.Release|Any CPU.Build.0 = Release|Any CPU
		{BB918C9D-45DB-4A97-9CF1-C887DB79707C}.Debug|Any CPU.ActiveCfg = Debug|Any CPU
		{BB918C9D-45DB-4A97-9CF1-C887DB79707C}.Debug|Any CPU.Build.0 = Debug|Any CPU
		{BB918C9D-45DB-4A97-9CF1-C887DB79707C}.Release|Any CPU.ActiveCfg = Release|Any CPU
		{BB918C9D-45DB-4A97-9CF1-C887DB79707C}.Release|Any CPU.Build.0 = Release|Any CPU
		{DE4183FA-D40E-4BA9-931D-155A80E14557}.Debug|Any CPU.ActiveCfg = Debug|Any CPU
		{DE4183FA-D40E-4BA9-931D-155A80E14557}.Debug|Any CPU.Build.0 = Debug|Any CPU
		{DE4183FA-D40E-4BA9-931D-155A80E14557}.Release|Any CPU.ActiveCfg = Release|Any CPU
		{DE4183FA-D40E-4BA9-931D-155A80E14557}.Release|Any CPU.Build.0 = Release|Any CPU
		{448CE562-5DDF-4341-B061-8367D697BEB4}.Debug|Any CPU.ActiveCfg = Debug|Any CPU
		{448CE562-5DDF-4341-B061-8367D697BEB4}.Debug|Any CPU.Build.0 = Debug|Any CPU
		{448CE562-5DDF-4341-B061-8367D697BEB4}.Release|Any CPU.ActiveCfg = Release|Any CPU
		{448CE562-5DDF-4341-B061-8367D697BEB4}.Release|Any CPU.Build.0 = Release|Any CPU
		{317BF982-1A03-49CC-8E70-C7681E78047C}.Debug|Any CPU.ActiveCfg = Debug|Any CPU
		{317BF982-1A03-49CC-8E70-C7681E78047C}.Debug|Any CPU.Build.0 = Debug|Any CPU
		{317BF982-1A03-49CC-8E70-C7681E78047C}.Release|Any CPU.ActiveCfg = Release|Any CPU
		{317BF982-1A03-49CC-8E70-C7681E78047C}.Release|Any CPU.Build.0 = Release|Any CPU
		{70ADB4D9-0A6A-4201-BCF2-5369A5A5BD6C}.Debug|Any CPU.ActiveCfg = Debug|Any CPU
		{70ADB4D9-0A6A-4201-BCF2-5369A5A5BD6C}.Debug|Any CPU.Build.0 = Debug|Any CPU
		{70ADB4D9-0A6A-4201-BCF2-5369A5A5BD6C}.Release|Any CPU.ActiveCfg = Release|Any CPU
		{70ADB4D9-0A6A-4201-BCF2-5369A5A5BD6C}.Release|Any CPU.Build.0 = Release|Any CPU
		{EB84116A-8B23-40E1-AEE7-20AF02824A72}.Debug|Any CPU.ActiveCfg = Debug|Any CPU
		{EB84116A-8B23-40E1-AEE7-20AF02824A72}.Debug|Any CPU.Build.0 = Debug|Any CPU
		{EB84116A-8B23-40E1-AEE7-20AF02824A72}.Release|Any CPU.ActiveCfg = Release|Any CPU
		{EB84116A-8B23-40E1-AEE7-20AF02824A72}.Release|Any CPU.Build.0 = Release|Any CPU
		{7B811099-9E2C-4ED8-9C78-1222607FB740}.Debug|Any CPU.ActiveCfg = Debug|Any CPU
		{7B811099-9E2C-4ED8-9C78-1222607FB740}.Debug|Any CPU.Build.0 = Debug|Any CPU
		{7B811099-9E2C-4ED8-9C78-1222607FB740}.Release|Any CPU.ActiveCfg = Release|Any CPU
		{7B811099-9E2C-4ED8-9C78-1222607FB740}.Release|Any CPU.Build.0 = Release|Any CPU
		{3399CFD5-A935-4B07-95E8-9060126E206E}.Debug|Any CPU.ActiveCfg = Debug|Any CPU
		{3399CFD5-A935-4B07-95E8-9060126E206E}.Debug|Any CPU.Build.0 = Debug|Any CPU
		{3399CFD5-A935-4B07-95E8-9060126E206E}.Release|Any CPU.ActiveCfg = Release|Any CPU
		{3399CFD5-A935-4B07-95E8-9060126E206E}.Release|Any CPU.Build.0 = Release|Any CPU
		{3F75A713-71DF-4457-96A0-A97A1B1F44AE}.Debug|Any CPU.ActiveCfg = Debug|Any CPU
		{3F75A713-71DF-4457-96A0-A97A1B1F44AE}.Debug|Any CPU.Build.0 = Debug|Any CPU
		{3F75A713-71DF-4457-96A0-A97A1B1F44AE}.Release|Any CPU.ActiveCfg = Release|Any CPU
		{3F75A713-71DF-4457-96A0-A97A1B1F44AE}.Release|Any CPU.Build.0 = Release|Any CPU
		{89732B64-561B-41F1-9974-10D2DC05C46F}.Debug|Any CPU.ActiveCfg = Debug|Any CPU
		{89732B64-561B-41F1-9974-10D2DC05C46F}.Debug|Any CPU.Build.0 = Debug|Any CPU
		{89732B64-561B-41F1-9974-10D2DC05C46F}.Release|Any CPU.ActiveCfg = Release|Any CPU
		{89732B64-561B-41F1-9974-10D2DC05C46F}.Release|Any CPU.Build.0 = Release|Any CPU
		{C5F87A4A-362D-46A6-BE67-09DF78F406FF}.Debug|Any CPU.ActiveCfg = Debug|Any CPU
		{C5F87A4A-362D-46A6-BE67-09DF78F406FF}.Debug|Any CPU.Build.0 = Debug|Any CPU
		{C5F87A4A-362D-46A6-BE67-09DF78F406FF}.Release|Any CPU.ActiveCfg = Release|Any CPU
		{C5F87A4A-362D-46A6-BE67-09DF78F406FF}.Release|Any CPU.Build.0 = Release|Any CPU
		{52EC182A-BE58-484C-8108-E2E60E9F2272}.Debug|Any CPU.ActiveCfg = Debug|Any CPU
		{52EC182A-BE58-484C-8108-E2E60E9F2272}.Debug|Any CPU.Build.0 = Debug|Any CPU
		{52EC182A-BE58-484C-8108-E2E60E9F2272}.Release|Any CPU.ActiveCfg = Release|Any CPU
		{52EC182A-BE58-484C-8108-E2E60E9F2272}.Release|Any CPU.Build.0 = Release|Any CPU
		{9C66F7FF-6834-4FAD-A655-CB6062196BAA}.Debug|Any CPU.ActiveCfg = Debug|Any CPU
		{9C66F7FF-6834-4FAD-A655-CB6062196BAA}.Debug|Any CPU.Build.0 = Debug|Any CPU
		{9C66F7FF-6834-4FAD-A655-CB6062196BAA}.Release|Any CPU.ActiveCfg = Release|Any CPU
		{9C66F7FF-6834-4FAD-A655-CB6062196BAA}.Release|Any CPU.Build.0 = Release|Any CPU
		{56E61B0C-C3D3-4DD8-84E7-00C303994368}.Debug|Any CPU.ActiveCfg = Debug|Any CPU
		{56E61B0C-C3D3-4DD8-84E7-00C303994368}.Debug|Any CPU.Build.0 = Debug|Any CPU
		{56E61B0C-C3D3-4DD8-84E7-00C303994368}.Release|Any CPU.ActiveCfg = Release|Any CPU
		{56E61B0C-C3D3-4DD8-84E7-00C303994368}.Release|Any CPU.Build.0 = Release|Any CPU
		{1BCE017F-18D4-42A3-874F-F699BE97F406}.Debug|Any CPU.ActiveCfg = Debug|Any CPU
		{1BCE017F-18D4-42A3-874F-F699BE97F406}.Debug|Any CPU.Build.0 = Debug|Any CPU
		{1BCE017F-18D4-42A3-874F-F699BE97F406}.Release|Any CPU.ActiveCfg = Release|Any CPU
		{1BCE017F-18D4-42A3-874F-F699BE97F406}.Release|Any CPU.Build.0 = Release|Any CPU
		{7D7E8403-0F33-451E-96EE-E855A535ACDC}.Debug|Any CPU.ActiveCfg = Debug|Any CPU
		{7D7E8403-0F33-451E-96EE-E855A535ACDC}.Debug|Any CPU.Build.0 = Debug|Any CPU
		{7D7E8403-0F33-451E-96EE-E855A535ACDC}.Release|Any CPU.ActiveCfg = Release|Any CPU
		{7D7E8403-0F33-451E-96EE-E855A535ACDC}.Release|Any CPU.Build.0 = Release|Any CPU
		{3F75A59F-A602-410D-8067-6EECB3369AA8}.Debug|Any CPU.ActiveCfg = Debug|Any CPU
		{3F75A59F-A602-410D-8067-6EECB3369AA8}.Debug|Any CPU.Build.0 = Debug|Any CPU
		{3F75A59F-A602-410D-8067-6EECB3369AA8}.Release|Any CPU.ActiveCfg = Release|Any CPU
		{3F75A59F-A602-410D-8067-6EECB3369AA8}.Release|Any CPU.Build.0 = Release|Any CPU
		{263BDF38-0872-41F4-AB6A-B89622EE27C5}.Debug|Any CPU.ActiveCfg = Debug|Any CPU
		{263BDF38-0872-41F4-AB6A-B89622EE27C5}.Debug|Any CPU.Build.0 = Debug|Any CPU
		{263BDF38-0872-41F4-AB6A-B89622EE27C5}.Release|Any CPU.ActiveCfg = Release|Any CPU
		{263BDF38-0872-41F4-AB6A-B89622EE27C5}.Release|Any CPU.Build.0 = Release|Any CPU
		{CAFA2291-8738-4D9A-872A-00749A0E4062}.Debug|Any CPU.ActiveCfg = Debug|Any CPU
		{CAFA2291-8738-4D9A-872A-00749A0E4062}.Debug|Any CPU.Build.0 = Debug|Any CPU
		{CAFA2291-8738-4D9A-872A-00749A0E4062}.Release|Any CPU.ActiveCfg = Release|Any CPU
		{CAFA2291-8738-4D9A-872A-00749A0E4062}.Release|Any CPU.Build.0 = Release|Any CPU
	EndGlobalSection
	GlobalSection(SolutionProperties) = preSolution
		HideSolutionNode = FALSE
	EndGlobalSection
	GlobalSection(ExtensibilityGlobals) = postSolution
		SolutionGuid = {A4335CFC-B18E-4F0B-BF35-B0BE383D51C0}
	EndGlobalSection
EndGlobal
